
Microsoft Visual Studio Solution File, Format Version 12.00
# Visual Studio Version 17
VisualStudioVersion = 17.6.33829.357
MinimumVisualStudioVersion = 10.0.40219.1
Project("{FAE04EC0-301F-11D3-BF4B-00C04F79EFBC}") = "ASCII-1", "ASCII-1\ASCII-1.csproj", "{913367B2-CFD6-4F1C-AC05-14790F8D2385}"
EndProject
Global
	GlobalSection(SolutionConfigurationPlatforms) = preSolution
		Debug|Any CPU = Debug|Any CPU
		Release|Any CPU = Release|Any CPU
	EndGlobalSection
	GlobalSection(ProjectConfigurationPlatforms) = postSolution
		{913367B2-CFD6-4F1C-AC05-14790F8D2385}.Debug|Any CPU.ActiveCfg = Debug|Any CPU
		{913367B2-CFD6-4F1C-AC05-14790F8D2385}.Debug|Any CPU.Build.0 = Debug|Any CPU
		{913367B2-CFD6-4F1C-AC05-14790F8D2385}.Release|Any CPU.ActiveCfg = Release|Any CPU
		{913367B2-CFD6-4F1C-AC05-14790F8D2385}.Release|Any CPU.Build.0 = Release|Any CPU
	EndGlobalSection
	GlobalSection(SolutionProperties) = preSolution
		HideSolutionNode = FALSE
	EndGlobalSection
	GlobalSection(ExtensibilityGlobals) = postSolution
		SolutionGuid = {E94C1D31-7E64-448C-81C5-B91D57CB0F58}
	EndGlobalSection
EndGlobal
